Microsoft Visual Studio Solution File, Format Version 12.00
# Visual Studio Version 17
VisualStudioVersion = 17.5.2.0
MinimumVisualStudioVersion = 10.0.40219.1
Project("{FAE04EC0-301F-11D3-BF4B-00C04F79EFBC}") = "CirsSlimeMod", "CirsSlimeMod.csproj", "{5D9C4D54-81B0-9CB5-D07C-2609B040A684}"
EndProject
Global
	GlobalSection(SolutionConfigurationPlatforms) = preSolution
		Debug|Any CPU = Debug|Any CPU
		Release|Any CPU = Release|Any CPU
	EndGlobalSection
	GlobalSection(ProjectConfigurationPlatforms) = postSolution
		{5D9C4D54-81B0-9CB5-D07C-2609B040A684}.Debug|Any CPU.ActiveCfg = Debug|Any CPU
		{5D9C4D54-81B0-9CB5-D07C-2609B040A684}.Debug|Any CPU.Build.0 = Debug|Any CPU
		{5D9C4D54-81B0-9CB5-D07C-2609B040A684}.Release|Any CPU.ActiveCfg = Release|Any CPU
		{5D9C4D54-81B0-9CB5-D07C-2609B040A684}.Release|Any CPU.Build.0 = Release|Any CPU
	EndGlobalSection
	GlobalSection(SolutionProperties) = preSolution
		HideSolutionNode = FALSE
	EndGlobalSection
	GlobalSection(ExtensibilityGlobals) = postSolution
		SolutionGuid = {404826D7-B236-4E78-A2BC-56BA32683645}
	EndGlobalSection
EndGlobal
